
Microsoft Visual Studio Solution File, Format Version 12.00
# Visual Studio Version 17
VisualStudioVersion = 17.2.32602.215
MinimumVisualStudioVersion = 10.0.40219.1
Project("{FAE04EC0-301F-11D3-BF4B-00C04F79EFBC}") = "MyWebForm", "MyWebForm\MyWebForm.csproj", "{2ED606E4-16EE-42D3-9CEC-4DA0F7A84DA8}"
EndProject
Project("{FAE04EC0-301F-11D3-BF4B-00C04F79EFBC}") = "MyMVC", "MyMVC\MyMVC.csproj", "{462DF874-19F4-483D-9B0D-3662E9194D72}"
EndProject
Project("{FAE04EC0-301F-11D3-BF4B-00C04F79EFBC}") = "MyRazor", "MyRazor\MyRazor.csproj", "{5ED4B439-695C-4161-954F-A90185B81471}"
EndProject
Project("{FAE04EC0-301F-11D3-BF4B-00C04F79EFBC}") = "MyCRUD_MVC", "MyCRUD_MVC\MyCRUD_MVC.csproj", "{6C3BF12F-01E5-4D2B-B997-C53F7F10BE47}"
EndProject
Project("{FAE04EC0-301F-11D3-BF4B-00C04F79EFBC}") = "MyController", "MyController\MyController.csproj", "{37362B2D-F5F1-4503-B407-9182D9909DB2}"
EndProject
Project("{FAE04EC0-301F-11D3-BF4B-00C04F79EFBC}") = "MyAuth", "MyAuth\MyAuth.csproj", "{426A119E-B600-498C-BECE-91902967F7A3}"
EndProject
Project("{9A19103F-16F7-4668-BE54-9A1E7A4F7556}") = "MyWebAPI", "MyWebAPI\MyWebAPI.csproj", "{F0134212-7DD7-40F7-95AC-FC01E44773F2}"
EndProject
Project("{9A19103F-16F7-4668-BE54-9A1E7A4F7556}") = "ConsoleTest", "ConsoleTest\ConsoleTest.csproj", "{B983B7A0-3327-4465-A03B-E33BF27888DD}"
EndProject
Project("{9A19103F-16F7-4668-BE54-9A1E7A4F7556}") = "AddConsole", "AddConsole\AddConsole.csproj", "{B9EF074D-DF98-4700-93B5-019A5FB79DD2}"
EndProject
Project("{9A19103F-16F7-4668-BE54-9A1E7A4F7556}") = "MyLibrary", "MyLibrary\MyLibrary.csproj", "{40C85863-F572-47D4-B719-49375A9B4786}"
EndProject
Project("{9A19103F-16F7-4668-BE54-9A1E7A4F7556}") = "MyReact", "MyReact\MyReact.csproj", "{6085A694-1EA3-4707-AA05-84BF6A680253}"
EndProject
Project("{9A19103F-16F7-4668-BE54-9A1E7A4F7556}") = "MyBasicAuth", "MyBasicAuth\MyBasicAuth.csproj", "{A9B28F4B-E71A-4D40-9A99-BA163593F085}"
EndProject
Project("{FAE04EC0-301F-11D3-BF4B-00C04F79EFBC}") = "MyJWT_Auth", "MyJWT_Auth\MyJWT_Auth.csproj", "{D7016770-83C9-4003-A000-4C9B86161FA5}"
EndProject
Global
	GlobalSection(SolutionConfigurationPlatforms) = preSolution
		Debug|Any CPU = Debug|Any CPU
		Release|Any CPU = Release|Any CPU
	EndGlobalSection
	GlobalSection(ProjectConfigurationPlatforms) = postSolution
		{2ED606E4-16EE-42D3-9CEC-4DA0F7A84DA8}.Debug|Any CPU.ActiveCfg = Debug|Any CPU
		{2ED606E4-16EE-42D3-9CEC-4DA0F7A84DA8}.Debug|Any CPU.Build.0 = Debug|Any CPU
		{2ED606E4-16EE-42D3-9CEC-4DA0F7A84DA8}.Release|Any CPU.ActiveCfg = Release|Any CPU
		{2ED606E4-16EE-42D3-9CEC-4DA0F7A84DA8}.Release|Any CPU.Build.0 = Release|Any CPU
		{462DF874-19F4-483D-9B0D-3662E9194D72}.Debug|Any CPU.ActiveCfg = Debug|Any CPU
		{462DF874-19F4-483D-9B0D-3662E9194D72}.Debug|Any CPU.Build.0 = Debug|Any CPU
		{462DF874-19F4-483D-9B0D-3662E9194D72}.Release|Any CPU.ActiveCfg = Release|Any CPU
		{462DF874-19F4-483D-9B0D-3662E9194D72}.Release|Any CPU.Build.0 = Release|Any CPU
		{5ED4B439-695C-4161-954F-A90185B81471}.Debug|Any CPU.ActiveCfg = Debug|Any CPU
		{5ED4B439-695C-4161-954F-A90185B81471}.Debug|Any CPU.Build.0 = Debug|Any CPU
		{5ED4B439-695C-4161-954F-A90185B81471}.Release|Any CPU.ActiveCfg = Release|Any CPU
		{5ED4B439-695C-4161-954F-A90185B81471}.Release|Any CPU.Build.0 = Release|Any CPU
		{6C3BF12F-01E5-4D2B-B997-C53F7F10BE47}.Debug|Any CPU.ActiveCfg = Debug|Any CPU
		{6C3BF12F-01E5-4D2B-B997-C53F7F10BE47}.Debug|Any CPU.Build.0 = Debug|Any CPU
		{6C3BF12F-01E5-4D2B-B997-C53F7F10BE47}.Release|Any CPU.ActiveCfg = Release|Any CPU
		{6C3BF12F-01E5-4D2B-B997-C53F7F10BE47}.Release|Any CPU.Build.0 = Release|Any CPU
		{37362B2D-F5F1-4503-B407-9182D9909DB2}.Debug|Any CPU.ActiveCfg = Debug|Any CPU
		{37362B2D-F5F1-4503-B407-9182D9909DB2}.Debug|Any CPU.Build.0 = Debug|Any CPU
		{37362B2D-F5F1-4503-B407-9182D9909DB2}.Release|Any CPU.ActiveCfg = Release|Any CPU
		{37362B2D-F5F1-4503-B407-9182D9909DB2}.Release|Any CPU.Build.0 = Release|Any CPU
		{426A119E-B600-498C-BECE-91902967F7A3}.Debug|Any CPU.ActiveCfg = Debug|Any CPU
		{426A119E-B600-498C-BECE-91902967F7A3}.Debug|Any CPU.Build.0 = Debug|Any CPU
		{426A119E-B600-498C-BECE-91902967F7A3}.Release|Any CPU.ActiveCfg = Release|Any CPU
		{426A119E-B600-498C-BECE-91902967F7A3}.Release|Any CPU.Build.0 = Release|Any CPU
		{F0134212-7DD7-40F7-95AC-FC01E44773F2}.Debug|Any CPU.ActiveCfg = Debug|Any CPU
		{F0134212-7DD7-40F7-95AC-FC01E44773F2}.Debug|Any CPU.Build.0 = Debug|Any CPU
		{F0134212-7DD7-40F7-95AC-FC01E44773F2}.Release|Any CPU.ActiveCfg = Release|Any CPU
		{F0134212-7DD7-40F7-95AC-FC01E44773F2}.Release|Any CPU.Build.0 = Release|Any CPU
		{B983B7A0-3327-4465-A03B-E33BF27888DD}.Debug|Any CPU.ActiveCfg = Debug|Any CPU
		{B983B7A0-3327-4465-A03B-E33BF27888DD}.Debug|Any CPU.Build.0 = Debug|Any CPU
		{B983B7A0-3327-4465-A03B-E33BF27888DD}.Release|Any CPU.ActiveCfg = Release|Any CPU
		{B983B7A0-3327-4465-A03B-E33BF27888DD}.Release|Any CPU.Build.0 = Release|Any CPU
		{B9EF074D-DF98-4700-93B5-019A5FB79DD2}.Debug|Any CPU.ActiveCfg = Debug|Any CPU
		{B9EF074D-DF98-4700-93B5-019A5FB79DD2}.Debug|Any CPU.Build.0 = Debug|Any CPU
		{B9EF074D-DF98-4700-93B5-019A5FB79DD2}.Release|Any CPU.ActiveCfg = Release|Any CPU
		{B9EF074D-DF98-4700-93B5-019A5FB79DD2}.Release|Any CPU.Build.0 = Release|Any CPU
		{40C85863-F572-47D4-B719-49375A9B4786}.Debug|Any CPU.ActiveCfg = Debug|Any CPU
		{40C85863-F572-47D4-B719-49375A9B4786}.Debug|Any CPU.Build.0 = Debug|Any CPU
		{40C85863-F572-47D4-B719-49375A9B4786}.Release|Any CPU.ActiveCfg = Release|Any CPU
		{40C85863-F572-47D4-B719-49375A9B4786}.Release|Any CPU.Build.0 = Release|Any CPU
		{6085A694-1EA3-4707-AA05-84BF6A680253}.Debug|Any CPU.ActiveCfg = Debug|Any CPU
		{6085A694-1EA3-4707-AA05-84BF6A680253}.Debug|Any CPU.Build.0 = Debug|Any CPU
		{6085A694-1EA3-4707-AA05-84BF6A680253}.Release|Any CPU.ActiveCfg = Release|Any CPU
		{6085A694-1EA3-4707-AA05-84BF6A680253}.Release|Any CPU.Build.0 = Release|Any CPU
		{A9B28F4B-E71A-4D40-9A99-BA163593F085}.Debug|Any CPU.ActiveCfg = Debug|Any CPU
		{A9B28F4B-E71A-4D40-9A99-BA163593F085}.Debug|Any CPU.Build.0 = Debug|Any CPU
		{A9B28F4B-E71A-4D40-9A99-BA163593F085}.Release|Any CPU.ActiveCfg = Release|Any CPU
		{A9B28F4B-E71A-4D40-9A99-BA163593F085}.Release|Any CPU.Build.0 = Release|Any CPU
		{D7016770-83C9-4003-A000-4C9B86161FA5}.Debug|Any CPU.ActiveCfg = Debug|Any CPU
		{D7016770-83C9-4003-A000-4C9B86161FA5}.Debug|Any CPU.Build.0 = Debug|Any CPU
		{D7016770-83C9-4003-A000-4C9B86161FA5}.Release|Any CPU.ActiveCfg = Release|Any CPU
		{D7016770-83C9-4003-A000-4C9B86161FA5}.Release|Any CPU.Build.0 = Release|Any CPU
	EndGlobalSection
	GlobalSection(SolutionProperties) = preSolution
		HideSolutionNode = FALSE
	EndGlobalSection
	GlobalSection(ExtensibilityGlobals) = postSolution
		SolutionGuid = {A79FA172-5D75-4480-BC6E-876CCB044F19}
	EndGlobalSection
EndGlobal
